<?xml version="1.0" encoding="utf-8"?>
<Project ToolsVersion="4.0" xmlns="http://schemas.microsoft.com/developer/msbuild/2003">
  <ItemGroup>
    <Filter Include="Source Files">
      <UniqueIdentifier>{4FC737F1-C7A5-4376-A066-2A32D752A2FF}</UniqueIdentifier>
      <Extensions>cpp;c;cc;cxx;def;odl;idl;hpj;bat;asm;asmx</Extensions>
    </Filter>
    <Filter Include="Header Files">
      <UniqueIdentifier>{93995380-89BD-4b04-88EB-625FBE52EBFB}</UniqueIdentifier>
      <Extensions>h;hh;hpp;hxx;hm;inl;inc;xsd</Extensions>
    </Filter>
    <Filter Include="Resource Files">
      <UniqueIdentifier>{67DA6AB6-F800-4c08-8B7A-83BB121AAD01}</UniqueIdentifier>
      <Extensions>rc;ico;cur;bmp;dlg;rc2;rct;bin;rgs;gif;jpg;jpeg;jpe;resx;tiff;tif;png;wav;mfcribbon-ms</Extensions>
    </Filter>
    <Filter Include="Header Files\Classes">
      <UniqueIdentifier>{58c55e3a-0216-4ab2-9eb5-bce9adb6bee3}</UniqueIdentifier>
    </Filter>
    <Filter Include="Header Files\Classes\cObjectLevel-&gt;">
      <UniqueIdentifier>{e320da35-ffb9-4374-b6e6-c43501af29e3}</UniqueIdentifier>
    </Filter>
    <Filter Include="Source Files\Classes">
      <UniqueIdentifier>{f94d1688-efeb-448f-a889-fa0c9717062e}</UniqueIdentifier>
    </Filter>
    <Filter Include="Source Files\Classes\cObjectLevel-&gt;">
      <UniqueIdentifier>{9426521f-edd3-4f51-b512-8cc5cb1e3b40}</UniqueIdentifier>
    </Filter>
    <Filter Include="Source Files\Classes\cObjectLevel-&gt;\cBlock-&gt;">
      <UniqueIdentifier>{dbceaada-ed00-402e-8b1d-e1ce52bad9d6}</UniqueIdentifier>
    </Filter>
    <Filter Include="Header Files\Classes\cObjectLevel-&gt;\cBlock-&gt;">
      <UniqueIdentifier>{8989226f-d43a-413d-8467-0ea4ab932a2e}</UniqueIdentifier>
    </Filter>
    <Filter Include="Header Files\Classes\cObjectLevel-&gt;\cAnimatedObjectLevel-&gt;">
      <UniqueIdentifier>{cd8a59ca-c046-4812-b6f8-d1b9336fa90f}</UniqueIdentifier>
    </Filter>
    <Filter Include="Source Files\Classes\cObjectLevel-&gt;\cAnimatedObjectLevel-&gt;">
      <UniqueIdentifier>{25f20ac1-c203-4a8a-aed3-232f77ba03e9}</UniqueIdentifier>
    </Filter>
    <Filter Include="Header Files\Classes\cObjectLevel-&gt;\cAnimatedObjectLevel-&gt;\cCharacterAnimation-&gt;">
      <UniqueIdentifier>{fefea47b-4706-4070-bf05-18292d4d9aa8}</UniqueIdentifier>
    </Filter>
    <Filter Include="Source Files\Classes\cObjectLevel-&gt;\cAnimatedObjectLevel-&gt;\cCharacterAnimation-&gt;">
      <UniqueIdentifier>{df68466a-e573-4c5f-81fe-cbc471a33ca0}</UniqueIdentifier>
    </Filter>
    <Filter Include="Header Files\Classes\cObjectLevel-&gt;\cAnimatedObjectLevel-&gt;\cCharacterAnimation-&gt;\cCharacter-&gt;">
      <UniqueIdentifier>{54f41851-4658-49e6-85c9-805b22f2513f}</UniqueIdentifier>
    </Filter>
    <Filter Include="Source Files\Classes\cObjectLevel-&gt;\cAnimatedObjectLevel-&gt;\cCharacterAnimation-&gt;\cCharacter-&gt;">
      <UniqueIdentifier>{8ae1e8d4-f3a2-46c9-b0e4-eb292c0f4d9d}</UniqueIdentifier>
    </Filter>
  </ItemGroup>
  <ItemGroup>
    <ClCompile Include="main.cpp">
      <Filter>Source Files</Filter>
    </ClCompile>
    <ClCompile Include="graphics.cpp">
      <Filter>Source Files</Filter>
    </ClCompile>
    <ClCompile Include="global_variables.cpp">
      <Filter>Source Files</Filter>
    </ClCompile>
    <ClCompile Include="block.cpp">
      <Filter>Source Files\Classes\cObjectLevel-&gt;</Filter>
    </ClCompile>
    <ClCompile Include="ground.cpp">
      <Filter>Source Files\Classes\cObjectLevel-&gt;</Filter>
    </ClCompile>
    <ClCompile Include="treasure.cpp">
      <Filter>Source Files\Classes\cObjectLevel-&gt;</Filter>
    </ClCompile>
    <ClCompile Include="sector.cpp">
      <Filter>Source Files\Classes</Filter>
    </ClCompile>
    <ClCompile Include="objectlevel.cpp">
      <Filter>Source Files\Classes</Filter>
    </ClCompile>
    <ClCompile Include="map.cpp">
      <Filter>Source Files\Classes</Filter>
    </ClCompile>
    <ClCompile Include="npc.cpp">
      <Filter>Source Files\Classes\cObjectLevel-&gt;</Filter>
    </ClCompile>
    <ClCompile Include="backgroundobject.cpp">
      <Filter>Source Files\Classes\cObjectLevel-&gt;</Filter>
    </ClCompile>
    <ClCompile Include="trampoline.cpp">
      <Filter>Source Files\Classes\cObjectLevel-&gt;</Filter>
    </ClCompile>
    <ClCompile Include="powerup.cpp">
      <Filter>Source Files\Classes\cObjectLevel-&gt;</Filter>
    </ClCompile>
    <ClCompile Include="ladder.cpp">
      <Filter>Source Files\Classes\cObjectLevel-&gt;</Filter>
    </ClCompile>
    <ClCompile Include="fluid.cpp">
      <Filter>Source Files\Classes\cObjectLevel-&gt;</Filter>
    </ClCompile>
    <ClCompile Include="bonusblock.cpp">
      <Filter>Source Files\Classes\cObjectLevel-&gt;\cBlock-&gt;</Filter>
    </ClCompile>
    <ClCompile Include="pet.cpp">
      <Filter>Source Files\Classes\cObjectLevel-&gt;</Filter>
    </ClCompile>
    <ClCompile Include="animatedObjectLevel.cpp">
      <Filter>Source Files\Classes\cObjectLevel-&gt;</Filter>
    </ClCompile>
    <ClCompile Include="characterAnimation.cpp">
      <Filter>Source Files\Classes\cObjectLevel-&gt;\cAnimatedObjectLevel-&gt;</Filter>
    </ClCompile>
    <ClCompile Include="character.cpp">
      <Filter>Source Files\Classes\cObjectLevel-&gt;\cAnimatedObjectLevel-&gt;\cCharacterAnimation-&gt;</Filter>
    </ClCompile>
    <ClCompile Include="fonts.cpp">
      <Filter>Source Files</Filter>
    </ClCompile>
    <ClCompile Include="menu.cpp">
      <Filter>Source Files</Filter>
    </ClCompile>
    <ClCompile Include="button.cpp">
      <Filter>Source Files\Classes</Filter>
    </ClCompile>
    <ClCompile Include="bullet.cpp">
      <Filter>Source Files\Classes\cObjectLevel-&gt;</Filter>
    </ClCompile>
    <ClCompile Include="shop.cpp">
      <Filter>Source Files\Classes</Filter>
    </ClCompile>
    <ClCompile Include="profile.cpp">
      <Filter>Source Files\Classes</Filter>
    </ClCompile>
    <ClCompile Include="dialogs.cpp">
      <Filter>Source Files</Filter>
    </ClCompile>
    <ClCompile Include="checkbox.cpp">
      <Filter>Source Files\Classes</Filter>
    </ClCompile>
    <ClCompile Include="knight.cpp">
      <Filter>Source Files\Classes\cObjectLevel-&gt;\cAnimatedObjectLevel-&gt;\cCharacterAnimation-&gt;\cCharacter-&gt;</Filter>
    </ClCompile>
    <ClCompile Include="archer.cpp">
      <Filter>Source Files\Classes\cObjectLevel-&gt;\cAnimatedObjectLevel-&gt;\cCharacterAnimation-&gt;\cCharacter-&gt;</Filter>
    </ClCompile>
    <ClCompile Include="spy.cpp">
      <Filter>Source Files\Classes\cObjectLevel-&gt;\cAnimatedObjectLevel-&gt;\cCharacterAnimation-&gt;\cCharacter-&gt;</Filter>
    </ClCompile>
    <ClCompile Include="sorceress.cpp">
      <Filter>Source Files\Classes\cObjectLevel-&gt;\cAnimatedObjectLevel-&gt;\cCharacterAnimation-&gt;\cCharacter-&gt;</Filter>
    </ClCompile>
  </ItemGroup>
  <ItemGroup>
    <None Include="packages.config" />
  </ItemGroup>
  <ItemGroup>
    <ClInclude Include="graphics.h">
      <Filter>Header Files</Filter>
    </ClInclude>
    <ClInclude Include="global_variables.h">
      <Filter>Header Files</Filter>
    </ClInclude>
    <ClInclude Include="enums.h">
      <Filter>Header Files</Filter>
    </ClInclude>
    <ClInclude Include="block.h">
      <Filter>Header Files\Classes\cObjectLevel-&gt;</Filter>
    </ClInclude>
    <ClInclude Include="ground.h">
      <Filter>Header Files\Classes\cObjectLevel-&gt;</Filter>
    </ClInclude>
    <ClInclude Include="treasure.h">
      <Filter>Header Files\Classes\cObjectLevel-&gt;</Filter>
    </ClInclude>
    <ClInclude Include="objectlevel.h">
      <Filter>Header Files\Classes</Filter>
    </ClInclude>
    <ClInclude Include="sector.h">
      <Filter>Header Files\Classes</Filter>
    </ClInclude>
    <ClInclude Include="map.h">
      <Filter>Header Files\Classes</Filter>
    </ClInclude>
    <ClInclude Include="npc.h">
      <Filter>Header Files\Classes\cObjectLevel-&gt;</Filter>
    </ClInclude>
    <ClInclude Include="backgroundobject.h">
      <Filter>Header Files\Classes\cObjectLevel-&gt;</Filter>
    </ClInclude>
    <ClInclude Include="trampoline.h">
      <Filter>Header Files\Classes\cObjectLevel-&gt;</Filter>
    </ClInclude>
    <ClInclude Include="powerup.h">
      <Filter>Header Files\Classes\cObjectLevel-&gt;</Filter>
    </ClInclude>
    <ClInclude Include="ladder.h">
      <Filter>Header Files\Classes\cObjectLevel-&gt;</Filter>
    </ClInclude>
    <ClInclude Include="fluid.h">
      <Filter>Header Files\Classes\cObjectLevel-&gt;</Filter>
    </ClInclude>
    <ClInclude Include="bonusblock.h">
      <Filter>Header Files\Classes\cObjectLevel-&gt;\cBlock-&gt;</Filter>
    </ClInclude>
    <ClInclude Include="fonts.h">
      <Filter>Header Files</Filter>
    </ClInclude>
    <ClInclude Include="pet.h">
      <Filter>Header Files\Classes\cObjectLevel-&gt;</Filter>
    </ClInclude>
    <ClInclude Include="animatedObjectLevel.h">
      <Filter>Header Files\Classes\cObjectLevel-&gt;</Filter>
    </ClInclude>
    <ClInclude Include="characterAnimation.h">
      <Filter>Header Files\Classes\cObjectLevel-&gt;\cAnimatedObjectLevel-&gt;</Filter>
    </ClInclude>
    <ClInclude Include="character.h">
      <Filter>Header Files\Classes\cObjectLevel-&gt;\cAnimatedObjectLevel-&gt;\cCharacterAnimation-&gt;</Filter>
    </ClInclude>
    <ClInclude Include="menu.h">
      <Filter>Header Files</Filter>
    </ClInclude>
    <ClInclude Include="button.h">
      <Filter>Header Files\Classes</Filter>
    </ClInclude>
    <ClInclude Include="bullet.h">
      <Filter>Header Files\Classes\cObjectLevel-&gt;</Filter>
    </ClInclude>
    <ClInclude Include="shop.h">
      <Filter>Header Files\Classes</Filter>
    </ClInclude>
    <ClInclude Include="profile.h">
      <Filter>Header Files\Classes</Filter>
    </ClInclude>
    <ClInclude Include="dialogs.h">
      <Filter>Header Files</Filter>
    </ClInclude>
    <ClInclude Include="checkbox.h">
      <Filter>Header Files\Classes</Filter>
    </ClInclude>
    <ClInclude Include="knight.h">
      <Filter>Header Files\Classes\cObjectLevel-&gt;\cAnimatedObjectLevel-&gt;\cCharacterAnimation-&gt;\cCharacter-&gt;</Filter>
    </ClInclude>
    <ClInclude Include="archer.h">
      <Filter>Header Files\Classes\cObjectLevel-&gt;\cAnimatedObjectLevel-&gt;\cCharacterAnimation-&gt;\cCharacter-&gt;</Filter>
    </ClInclude>
    <ClInclude Include="spy.h">
      <Filter>Header Files\Classes\cObjectLevel-&gt;\cAnimatedObjectLevel-&gt;\cCharacterAnimation-&gt;\cCharacter-&gt;</Filter>
    </ClInclude>
    <ClInclude Include="sorceress.h">
      <Filter>Header Files\Classes\cObjectLevel-&gt;\cAnimatedObjectLevel-&gt;\cCharacterAnimation-&gt;\cCharacter-&gt;</Filter>
    </ClInclude>
  </ItemGroup>
</Project>